// !$*UTF8*$!
{
	archiveVersion = 1;
	classes = {
	};
	objectVersion = 48;
	objects = {

/* Begin PBXBuildFile section */
		3512FF2E20283C57006B851B /* DevKitUI.framework in Frameworks */ = {isa = PBXBuildFile; fileRef = 3512FF2D20283C57006B851B /* DevKitUI.framework */; };
		3512FF2F20283C57006B851B /* DevKitUI.framework in Embed Frameworks */ = {isa = PBXBuildFile; fileRef = 3512FF2D20283C57006B851B /* DevKitUI.framework */; settings = {ATTRIBUTES = (CodeSignOnCopy, RemoveHeadersOnCopy, ); }; };
		3512FF3220283C5F006B851B /* ToolKit.framework in Frameworks */ = {isa = PBXBuildFile; fileRef = 3512FF3120283C5F006B851B /* ToolKit.framework */; };
		3512FF3320283C5F006B851B /* ToolKit.framework in Embed Frameworks */ = {isa = PBXBuildFile; fileRef = 3512FF3120283C5F006B851B /* ToolKit.framework */; settings = {ATTRIBUTES = (CodeSignOnCopy, RemoveHeadersOnCopy, ); }; };
		351CCB922023F31D00423531 /* AppDelegate.swift in Sources */ = {isa = PBXBuildFile; fileRef = 351CCB912023F31D00423531 /* AppDelegate.swift */; };
		351CCB942023F31D00423531 /* ViewController.swift in Sources */ = {isa = PBXBuildFile; fileRef = 351CCB932023F31D00423531 /* ViewController.swift */; };
		351CCB962023F31D00423531 /* Assets.xcassets in Resources */ = {isa = PBXBuildFile; fileRef = 351CCB952023F31D00423531 /* Assets.xcassets */; };
		351CCB992023F31D00423531 /* Main.storyboard in Resources */ = {isa = PBXBuildFile; fileRef = 351CCB972023F31D00423531 /* Main.storyboard */; };
		351CCBA52023F31E00423531 /* ToolKitMacAppTests.swift in Sources */ = {isa = PBXBuildFile; fileRef = 351CCBA42023F31E00423531 /* ToolKitMacAppTests.swift */; };
		351CCBB12023F56C00423531 /* UserDefaultsViewController.swift in Sources */ = {isa = PBXBuildFile; fileRef = 351CCBB02023F56C00423531 /* UserDefaultsViewController.swift */; };
		351CCBB52023F58E00423531 /* UserDefaultsViewController.storyboard in Resources */ = {isa = PBXBuildFile; fileRef = 351CCBB42023F58E00423531 /* UserDefaultsViewController.storyboard */; };
		351CCBB82023F61500423531 /* NotificationCenterViewController.swift in Sources */ = {isa = PBXBuildFile; fileRef = 351CCBB72023F61500423531 /* NotificationCenterViewController.swift */; };
		351CCBBA2023F62B00423531 /* NotificationCenterViewController.storyboard in Resources */ = {isa = PBXBuildFile; fileRef = 351CCBB92023F62B00423531 /* NotificationCenterViewController.storyboard */; };
		351CCBBD2023F6DA00423531 /* FilesViewController.swift in Sources */ = {isa = PBXBuildFile; fileRef = 351CCBBC2023F6DA00423531 /* FilesViewController.swift */; };
		351CCBBF2023F6E200423531 /* FilesViewController.storyboard in Resources */ = {isa = PBXBuildFile; fileRef = 351CCBBE2023F6E200423531 /* FilesViewController.storyboard */; };
		355F35422023FE1B000B3B23 /* ConsoleViewController.storyboard in Resources */ = {isa = PBXBuildFile; fileRef = 355F35412023FE1B000B3B23 /* ConsoleViewController.storyboard */; };
		355F35442023FE31000B3B23 /* ConsoleViewController.swift in Sources */ = {isa = PBXBuildFile; fileRef = 355F35432023FE31000B3B23 /* ConsoleViewController.swift */; };
		35ED002E201E8D98007A941C /* AppDelegate.swift in Sources */ = {isa = PBXBuildFile; fileRef = 35ED002D201E8D98007A941C /* AppDelegate.swift */; };
		35ED0030201E8D98007A941C /* ViewController.swift in Sources */ = {isa = PBXBuildFile; fileRef = 35ED002F201E8D98007A941C /* ViewController.swift */; };
		35ED0033201E8D98007A941C /* Main.storyboard in Resources */ = {isa = PBXBuildFile; fileRef = 35ED0031201E8D98007A941C /* Main.storyboard */; };
		35ED0035201E8D98007A941C /* Assets.xcassets in Resources */ = {isa = PBXBuildFile; fileRef = 35ED0034201E8D98007A941C /* Assets.xcassets */; };
		35ED0038201E8D98007A941C /* LaunchScreen.storyboard in Resources */ = {isa = PBXBuildFile; fileRef = 35ED0036201E8D98007A941C /* LaunchScreen.storyboard */; };
		35ED0043201E8D98007A941C /* TookKitDemoTests.swift in Sources */ = {isa = PBXBuildFile; fileRef = 35ED0042201E8D98007A941C /* TookKitDemoTests.swift */; };
/* End PBXBuildFile section */

/* Begin PBXContainerItemProxy section */
		351CCBA12023F31E00423531 /* PBXContainerItemProxy */ = {
			isa = PBXContainerItemProxy;
			containerPortal = 35ED0022201E8D98007A941C /* Project object */;
			proxyType = 1;
			remoteGlobalIDString = 351CCB8E2023F31D00423531;
			remoteInfo = ToolKitMacApp;
		};
		35ED003F201E8D98007A941C /* PBXContainerItemProxy */ = {
			isa = PBXContainerItemProxy;
			containerPortal = 35ED0022201E8D98007A941C /* Project object */;
			proxyType = 1;
			remoteGlobalIDString = 35ED0029201E8D98007A941C;
			remoteInfo = TookKitDemo;
		};
/* End PBXContainerItemProxy section */

/* Begin PBXCopyFilesBuildPhase section */
		3512FF3020283C58006B851B /* Embed Frameworks */ = {
			isa = PBXCopyFilesBuildPhase;
			buildActionMask = 2147483647;
			dstPath = "";
			dstSubfolderSpec = 10;
			files = (
				3512FF2F20283C57006B851B /* DevKitUI.framework in Embed Frameworks */,
				3512FF3320283C5F006B851B /* ToolKit.framework in Embed Frameworks */,
			);
			name = "Embed Frameworks";
			runOnlyForDeploymentPostprocessing = 0;
		};
/* End PBXCopyFilesBuildPhase section */

/* Begin PBXFileReference section */
		3512FF2D20283C57006B851B /* DevKitUI.framework */ = {isa = PBXFileReference; explicitFileType = wrapper.framework; path = DevKitUI.framework; sourceTree = BUILT_PRODUCTS_DIR; };
		3512FF3120283C5F006B851B /* ToolKit.framework */ = {isa = PBXFileReference; explicitFileType = wrapper.framework; path = ToolKit.framework; sourceTree = BUILT_PRODUCTS_DIR; };
		351CCB8F2023F31D00423531 /* ToolKitMacApp.app */ = {isa = PBXFileReference; explicitFileType = wrapper.application; includeInIndex = 0; path = ToolKitMacApp.app; sourceTree = BUILT_PRODUCTS_DIR; };
		351CCB912023F31D00423531 /* AppDelegate.swift */ = {isa = PBXFileReference; lastKnownFileType = sourcecode.swift; path = AppDelegate.swift; sourceTree = "<group>"; };
		351CCB932023F31D00423531 /* ViewController.swift */ = {isa = PBXFileReference; lastKnownFileType = sourcecode.swift; path = ViewController.swift; sourceTree = "<group>"; };
		351CCB952023F31D00423531 /* Assets.xcassets */ = {isa = PBXFileReference; lastKnownFileType = folder.assetcatalog; path = Assets.xcassets; sourceTree = "<group>"; };
		351CCB982023F31D00423531 /* Base */ = {isa = PBXFileReference; lastKnownFileType = file.storyboard; name = Base; path = Base.lproj/Main.storyboard; sourceTree = "<group>"; };
		351CCB9A2023F31D00423531 /* Info.plist */ = {isa = PBXFileReference; lastKnownFileType = text.plist.xml; path = Info.plist; sourceTree = "<group>"; };
		351CCB9B2023F31D00423531 /* ToolKitMacApp.entitlements */ = {isa = PBXFileReference; lastKnownFileType = text.plist.entitlements; path = ToolKitMacApp.entitlements; sourceTree = "<group>"; };
		351CCBA02023F31E00423531 /* ToolKitMacAppTests.xctest */ = {isa = PBXFileReference; explicitFileType = wrapper.cfbundle; includeInIndex = 0; path = ToolKitMacAppTests.xctest; sourceTree = BUILT_PRODUCTS_DIR; };
		351CCBA42023F31E00423531 /* ToolKitMacAppTests.swift */ = {isa = PBXFileReference; lastKnownFileType = sourcecode.swift; path = ToolKitMacAppTests.swift; sourceTree = "<group>"; };
		351CCBA62023F31E00423531 /* Info.plist */ = {isa = PBXFileReference; lastKnownFileType = text.plist.xml; path = Info.plist; sourceTree = "<group>"; };
		351CCBB02023F56C00423531 /* UserDefaultsViewController.swift */ = {isa = PBXFileReference; lastKnownFileType = sourcecode.swift; path = UserDefaultsViewController.swift; sourceTree = "<group>"; };
		351CCBB42023F58E00423531 /* UserDefaultsViewController.storyboard */ = {isa = PBXFileReference; lastKnownFileType = file.storyboard; path = UserDefaultsViewController.storyboard; sourceTree = "<group>"; };
		351CCBB72023F61500423531 /* NotificationCenterViewController.swift */ = {isa = PBXFileReference; lastKnownFileType = sourcecode.swift; path = NotificationCenterViewController.swift; sourceTree = "<group>"; };
		351CCBB92023F62B00423531 /* NotificationCenterViewController.storyboard */ = {isa = PBXFileReference; lastKnownFileType = file.storyboard; path = NotificationCenterViewController.storyboard; sourceTree = "<group>"; };
		351CCBBC2023F6DA00423531 /* FilesViewController.swift */ = {isa = PBXFileReference; lastKnownFileType = sourcecode.swift; path = FilesViewController.swift; sourceTree = "<group>"; };
		351CCBBE2023F6E200423531 /* FilesViewController.storyboard */ = {isa = PBXFileReference; lastKnownFileType = file.storyboard; path = FilesViewController.storyboard; sourceTree = "<group>"; };
		355F35412023FE1B000B3B23 /* ConsoleViewController.storyboard */ = {isa = PBXFileReference; lastKnownFileType = file.storyboard; path = ConsoleViewController.storyboard; sourceTree = "<group>"; };
		355F35432023FE31000B3B23 /* ConsoleViewController.swift */ = {isa = PBXFileReference; lastKnownFileType = sourcecode.swift; path = ConsoleViewController.swift; sourceTree = "<group>"; };
		35ED002A201E8D98007A941C /* TookKitDemo.app */ = {isa = PBXFileReference; explicitFileType = wrapper.application; includeInIndex = 0; path = TookKitDemo.app; sourceTree = BUILT_PRODUCTS_DIR; };
		35ED002D201E8D98007A941C /* AppDelegate.swift */ = {isa = PBXFileReference; lastKnownFileType = sourcecode.swift; path = AppDelegate.swift; sourceTree = "<group>"; };
		35ED002F201E8D98007A941C /* ViewController.swift */ = {isa = PBXFileReference; lastKnownFileType = sourcecode.swift; path = ViewController.swift; sourceTree = "<group>"; };
		35ED0032201E8D98007A941C /* Base */ = {isa = PBXFileReference; lastKnownFileType = file.storyboard; name = Base; path = Base.lproj/Main.storyboard; sourceTree = "<group>"; };
		35ED0034201E8D98007A941C /* Assets.xcassets */ = {isa = PBXFileReference; lastKnownFileType = folder.assetcatalog; path = Assets.xcassets; sourceTree = "<group>"; };
		35ED0037201E8D98007A941C /* Base */ = {isa = PBXFileReference; lastKnownFileType = file.storyboard; name = Base; path = Base.lproj/LaunchScreen.storyboard; sourceTree = "<group>"; };
		35ED0039201E8D98007A941C /* Info.plist */ = {isa = PBXFileReference; lastKnownFileType = text.plist.xml; path = Info.plist; sourceTree = "<group>"; };
		35ED003E201E8D98007A941C /* TookKitDemoTests.xctest */ = {isa = PBXFileReference; explicitFileType = wrapper.cfbundle; includeInIndex = 0; path = TookKitDemoTests.xctest; sourceTree = BUILT_PRODUCTS_DIR; };
		35ED0042201E8D98007A941C /* TookKitDemoTests.swift */ = {isa = PBXFileReference; lastKnownFileType = sourcecode.swift; path = TookKitDemoTests.swift; sourceTree = "<group>"; };
		35ED0044201E8D98007A941C /* Info.plist */ = {isa = PBXFileReference; lastKnownFileType = text.plist.xml; path = Info.plist; sourceTree = "<group>"; };
/* End PBXFileReference section */

/* Begin PBXFrameworksBuildPhase section */
		351CCB8C2023F31D00423531 /* Frameworks */ = {
			isa = PBXFrameworksBuildPhase;
			buildActionMask = 2147483647;
			files = (
			);
			runOnlyForDeploymentPostprocessing = 0;
		};
		351CCB9D2023F31E00423531 /* Frameworks */ = {
			isa = PBXFrameworksBuildPhase;
			buildActionMask = 2147483647;
			files = (
			);
			runOnlyForDeploymentPostprocessing = 0;
		};
		35ED0027201E8D98007A941C /* Frameworks */ = {
			isa = PBXFrameworksBuildPhase;
			buildActionMask = 2147483647;
			files = (
				3512FF2E20283C57006B851B /* DevKitUI.framework in Frameworks */,
				3512FF3220283C5F006B851B /* ToolKit.framework in Frameworks */,
			);
			runOnlyForDeploymentPostprocessing = 0;
		};
		35ED003B201E8D98007A941C /* Frameworks */ = {
			isa = PBXFrameworksBuildPhase;
			buildActionMask = 2147483647;
			files = (
			);
			runOnlyForDeploymentPostprocessing = 0;
		};
/* End PBXFrameworksBuildPhase section */

/* Begin PBXGroup section */
		351CCB902023F31D00423531 /* ToolKitMacApp */ = {
			isa = PBXGroup;
			children = (
				351CCBAE2023F52E00423531 /* Screens */,
				351CCB912023F31D00423531 /* AppDelegate.swift */,
				351CCB932023F31D00423531 /* ViewController.swift */,
				351CCB952023F31D00423531 /* Assets.xcassets */,
				351CCB972023F31D00423531 /* Main.storyboard */,
				351CCB9A2023F31D00423531 /* Info.plist */,
				351CCB9B2023F31D00423531 /* ToolKitMacApp.entitlements */,
			);
			path = ToolKitMacApp;
			sourceTree = "<group>";
		};
		351CCBA32023F31E00423531 /* ToolKitMacAppTests */ = {
			isa = PBXGroup;
			children = (
				351CCBA42023F31E00423531 /* ToolKitMacAppTests.swift */,
				351CCBA62023F31E00423531 /* Info.plist */,
			);
			path = ToolKitMacAppTests;
			sourceTree = "<group>";
		};
		351CCBAE2023F52E00423531 /* Screens */ = {
			isa = PBXGroup;
			children = (
				355F35402023FE06000B3B23 /* Console */,
				351CCBBB2023F6B700423531 /* Files */,
				351CCBB62023F5F400423531 /* NotificationCenter */,
				351CCBAF2023F53800423531 /* UserDefauts */,
			);
			path = Screens;
			sourceTree = "<group>";
		};
		351CCBAF2023F53800423531 /* UserDefauts */ = {
			isa = PBXGroup;
			children = (
				351CCBB02023F56C00423531 /* UserDefaultsViewController.swift */,
				351CCBB42023F58E00423531 /* UserDefaultsViewController.storyboard */,
			);
			path = UserDefauts;
			sourceTree = "<group>";
		};
		351CCBB62023F5F400423531 /* NotificationCenter */ = {
			isa = PBXGroup;
			children = (
				351CCBB72023F61500423531 /* NotificationCenterViewController.swift */,
				351CCBB92023F62B00423531 /* NotificationCenterViewController.storyboard */,
			);
			path = NotificationCenter;
			sourceTree = "<group>";
		};
		351CCBBB2023F6B700423531 /* Files */ = {
			isa = PBXGroup;
			children = (
				351CCBBC2023F6DA00423531 /* FilesViewController.swift */,
				351CCBBE2023F6E200423531 /* FilesViewController.storyboard */,
			);
			path = Files;
			sourceTree = "<group>";
		};
		355F35402023FE06000B3B23 /* Console */ = {
			isa = PBXGroup;
			children = (
				355F35412023FE1B000B3B23 /* ConsoleViewController.storyboard */,
				355F35432023FE31000B3B23 /* ConsoleViewController.swift */,
			);
			path = Console;
			sourceTree = "<group>";
		};
		35ED0021201E8D98007A941C = {
			isa = PBXGroup;
			children = (
				35ED002C201E8D98007A941C /* TookKitDemo */,
				35ED0041201E8D98007A941C /* TookKitDemoTests */,
				351CCB902023F31D00423531 /* ToolKitMacApp */,
				351CCBA32023F31E00423531 /* ToolKitMacAppTests */,
				35ED00A7201E8E72007A941C /* Frameworks */,
				35ED002B201E8D98007A941C /* Products */,
				3512FF3120283C5F006B851B /* ToolKit.framework */,
				3512FF2D20283C57006B851B /* DevKitUI.framework */,
			);
			sourceTree = "<group>";
		};
		35ED002B201E8D98007A941C /* Products */ = {
			isa = PBXGroup;
			children = (
				35ED002A201E8D98007A941C /* TookKitDemo.app */,
				35ED003E201E8D98007A941C /* TookKitDemoTests.xctest */,
				351CCB8F2023F31D00423531 /* ToolKitMacApp.app */,
				351CCBA02023F31E00423531 /* ToolKitMacAppTests.xctest */,
			);
			name = Products;
			sourceTree = "<group>";
		};
		35ED002C201E8D98007A941C /* TookKitDemo */ = {
			isa = PBXGroup;
			children = (
				35ED002D201E8D98007A941C /* AppDelegate.swift */,
				35ED002F201E8D98007A941C /* ViewController.swift */,
				35ED0031201E8D98007A941C /* Main.storyboard */,
				35ED0034201E8D98007A941C /* Assets.xcassets */,
				35ED0036201E8D98007A941C /* LaunchScreen.storyboard */,
				35ED0039201E8D98007A941C /* Info.plist */,
			);
			path = TookKitDemo;
			sourceTree = "<group>";
		};
		35ED0041201E8D98007A941C /* TookKitDemoTests */ = {
			isa = PBXGroup;
			children = (
				35ED0042201E8D98007A941C /* TookKitDemoTests.swift */,
				35ED0044201E8D98007A941C /* Info.plist */,
			);
			path = TookKitDemoTests;
			sourceTree = "<group>";
		};
		35ED00A7201E8E72007A941C /* Frameworks */ = {
			isa = PBXGroup;
			children = (
			);
			name = Frameworks;
			sourceTree = "<group>";
		};
/* End PBXGroup section */

/* Begin PBXNativeTarget section */
		351CCB8E2023F31D00423531 /* ToolKitMacApp */ = {
			isa = PBXNativeTarget;
			buildConfigurationList = 351CCBAB2023F31E00423531 /* Build configuration list for PBXNativeTarget "ToolKitMacApp" */;
			buildPhases = (
				351CCB8B2023F31D00423531 /* Sources */,
				351CCB8C2023F31D00423531 /* Frameworks */,
				351CCB8D2023F31D00423531 /* Resources */,
			);
			buildRules = (
			);
			dependencies = (
			);
			name = ToolKitMacApp;
			productName = ToolKitMacApp;
			productReference = 351CCB8F2023F31D00423531 /* ToolKitMacApp.app */;
			productType = "com.apple.product-type.application";
		};
		351CCB9F2023F31E00423531 /* ToolKitMacAppTests */ = {
			isa = PBXNativeTarget;
			buildConfigurationList = 351CCBAC2023F31E00423531 /* Build configuration list for PBXNativeTarget "ToolKitMacAppTests" */;
			buildPhases = (
				351CCB9C2023F31E00423531 /* Sources */,
				351CCB9D2023F31E00423531 /* Frameworks */,
				351CCB9E2023F31E00423531 /* Resources */,
			);
			buildRules = (
			);
			dependencies = (
				351CCBA22023F31E00423531 /* PBXTargetDependency */,
			);
			name = ToolKitMacAppTests;
			productName = ToolKitMacAppTests;
			productReference = 351CCBA02023F31E00423531 /* ToolKitMacAppTests.xctest */;
			productType = "com.apple.product-type.bundle.unit-test";
		};
		35ED0029201E8D98007A941C /* TookKitDemo */ = {
			isa = PBXNativeTarget;
			buildConfigurationList = 35ED0047201E8D98007A941C /* Build configuration list for PBXNativeTarget "TookKitDemo" */;
			buildPhases = (
				35ED0026201E8D98007A941C /* Sources */,
				35ED0027201E8D98007A941C /* Frameworks */,
				35ED0028201E8D98007A941C /* Resources */,
				3512FF3020283C58006B851B /* Embed Frameworks */,
			);
			buildRules = (
			);
			dependencies = (
			);
			name = TookKitDemo;
			productName = TookKitDemo;
			productReference = 35ED002A201E8D98007A941C /* TookKitDemo.app */;
			productType = "com.apple.product-type.application";
		};
		35ED003D201E8D98007A941C /* TookKitDemoTests */ = {
			isa = PBXNativeTarget;
			buildConfigurationList = 35ED004A201E8D98007A941C /* Build configuration list for PBXNativeTarget "TookKitDemoTests" */;
			buildPhases = (
				35ED003A201E8D98007A941C /* Sources */,
				35ED003B201E8D98007A941C /* Frameworks */,
				35ED003C201E8D98007A941C /* Resources */,
			);
			buildRules = (
			);
			dependencies = (
				35ED0040201E8D98007A941C /* PBXTargetDependency */,
			);
			name = TookKitDemoTests;
			productName = TookKitDemoTests;
			productReference = 35ED003E201E8D98007A941C /* TookKitDemoTests.xctest */;
			productType = "com.apple.product-type.bundle.unit-test";
		};
/* End PBXNativeTarget section */

/* Begin PBXProject section */
		35ED0022201E8D98007A941C /* Project object */ = {
			isa = PBXProject;
			attributes = {
				LastSwiftUpdateCheck = 0920;
				LastUpgradeCheck = 0920;
				ORGANIZATIONNAME = "haikieu2907@icloud.com";
				TargetAttributes = {
					351CCB8E2023F31D00423531 = {
						CreatedOnToolsVersion = 9.2;
						ProvisioningStyle = Automatic;
					};
					351CCB9F2023F31E00423531 = {
						CreatedOnToolsVersion = 9.2;
						ProvisioningStyle = Automatic;
						TestTargetID = 351CCB8E2023F31D00423531;
					};
					35ED0029201E8D98007A941C = {
						CreatedOnToolsVersion = 9.2;
						ProvisioningStyle = Automatic;
					};
					35ED003D201E8D98007A941C = {
						CreatedOnToolsVersion = 9.2;
						ProvisioningStyle = Automatic;
						TestTargetID = 35ED0029201E8D98007A941C;
					};
				};
			};
			buildConfigurationList = 35ED0025201E8D98007A941C /* Build configuration list for PBXProject "TookKitDemo" */;
			compatibilityVersion = "Xcode 8.0";
			developmentRegion = en;
			hasScannedForEncodings = 0;
			knownRegions = (
				en,
				Base,
			);
			mainGroup = 35ED0021201E8D98007A941C;
			productRefGroup = 35ED002B201E8D98007A941C /* Products */;
			projectDirPath = "";
			projectRoot = "";
			targets = (
				35ED0029201E8D98007A941C /* TookKitDemo */,
				35ED003D201E8D98007A941C /* TookKitDemoTests */,
				351CCB8E2023F31D00423531 /* ToolKitMacApp */,
				351CCB9F2023F31E00423531 /* ToolKitMacAppTests */,
			);
		};
/* End PBXProject section */

/* Begin PBXResourcesBuildPhase section */
		351CCB8D2023F31D00423531 /* Resources */ = {
			isa = PBXResourcesBuildPhase;
			buildActionMask = 2147483647;
			files = (
				355F35422023FE1B000B3B23 /* ConsoleViewController.storyboard in Resources */,
				351CCBB52023F58E00423531 /* UserDefaultsViewController.storyboard in Resources */,
				351CCBBA2023F62B00423531 /* NotificationCenterViewController.storyboard in Resources */,
				351CCB962023F31D00423531 /* Assets.xcassets in Resources */,
				351CCB992023F31D00423531 /* Main.storyboard in Resources */,
				351CCBBF2023F6E200423531 /* FilesViewController.storyboard in Resources */,
			);
			runOnlyForDeploymentPostprocessing = 0;
		};
		351CCB9E2023F31E00423531 /* Resources */ = {
			isa = PBXResourcesBuildPhase;
			buildActionMask = 2147483647;
			files = (
			);
			runOnlyForDeploymentPostprocessing = 0;
		};
		35ED0028201E8D98007A941C /* Resources */ = {
			isa = PBXResourcesBuildPhase;
			buildActionMask = 2147483647;
			files = (
				35ED0038201E8D98007A941C /* LaunchScreen.storyboard in Resources */,
				35ED0035201E8D98007A941C /* Assets.xcassets in Resources */,
				35ED0033201E8D98007A941C /* Main.storyboard in Resources */,
			);
			runOnlyForDeploymentPostprocessing = 0;
		};
		35ED003C201E8D98007A941C /* Resources */ = {
			isa = PBXResourcesBuildPhase;
			buildActionMask = 2147483647;
			files = (
			);
			runOnlyForDeploymentPostprocessing = 0;
		};
/* End PBXResourcesBuildPhase section */

/* Begin PBXSourcesBuildPhase section */
		351CCB8B2023F31D00423531 /* Sources */ = {
			isa = PBXSourcesBuildPhase;
			buildActionMask = 2147483647;
			files = (
				355F35442023FE31000B3B23 /* ConsoleViewController.swift in Sources */,
				351CCBB82023F61500423531 /* NotificationCenterViewController.swift in Sources */,
				351CCBB12023F56C00423531 /* UserDefaultsViewController.swift in Sources */,
				351CCB942023F31D00423531 /* ViewController.swift in Sources */,
				351CCBBD2023F6DA00423531 /* FilesViewController.swift in Sources */,
				351CCB922023F31D00423531 /* AppDelegate.swift in Sources */,
			);
			runOnlyForDeploymentPostprocessing = 0;
		};
		351CCB9C2023F31E00423531 /* Sources */ = {
			isa = PBXSourcesBuildPhase;
			buildActionMask = 2147483647;
			files = (
				351CCBA52023F31E00423531 /* ToolKitMacAppTests.swift in Sources */,
			);
			runOnlyForDeploymentPostprocessing = 0;
		};
		35ED0026201E8D98007A941C /* Sources */ = {
			isa = PBXSourcesBuildPhase;
			buildActionMask = 2147483647;
			files = (
				35ED0030201E8D98007A941C /* ViewController.swift in Sources */,
				35ED002E201E8D98007A941C /* AppDelegate.swift in Sources */,
			);
			runOnlyForDeploymentPostprocessing = 0;
		};
		35ED003A201E8D98007A941C /* Sources */ = {
			isa = PBXSourcesBuildPhase;
			buildActionMask = 2147483647;
			files = (
				35ED0043201E8D98007A941C /* TookKitDemoTests.swift in Sources */,
			);
			runOnlyForDeploymentPostprocessing = 0;
		};
/* End PBXSourcesBuildPhase section */

/* Begin PBXTargetDependency section */
		351CCBA22023F31E00423531 /* PBXTargetDependency */ = {
			isa = PBXTargetDependency;
			target = 351CCB8E2023F31D00423531 /* ToolKitMacApp */;
			targetProxy = 351CCBA12023F31E00423531 /* PBXContainerItemProxy */;
		};
		35ED0040201E8D98007A941C /* PBXTargetDependency */ = {
			isa = PBXTargetDependency;
			target = 35ED0029201E8D98007A941C /* TookKitDemo */;
			targetProxy = 35ED003F201E8D98007A941C /* PBXContainerItemProxy */;
		};
/* End PBXTargetDependency section */

/* Begin PBXVariantGroup section */
		351CCB972023F31D00423531 /* Main.storyboard */ = {
			isa = PBXVariantGroup;
			children = (
				351CCB982023F31D00423531 /* Base */,
			);
			name = Main.storyboard;
			sourceTree = "<group>";
		};
		35ED0031201E8D98007A941C /* Main.storyboard */ = {
			isa = PBXVariantGroup;
			children = (
				35ED0032201E8D98007A941C /* Base */,
			);
			name = Main.storyboard;
			sourceTree = "<group>";
		};
		35ED0036201E8D98007A941C /* LaunchScreen.storyboard */ = {
			isa = PBXVariantGroup;
			children = (
				35ED0037201E8D98007A941C /* Base */,
			);
			name = LaunchScreen.storyboard;
			sourceTree = "<group>";
		};
/* End PBXVariantGroup section */

/* Begin XCBuildConfiguration section */
		351CCBA72023F31E00423531 /* Debug */ = {
			isa = XCBuildConfiguration;
			buildSettings = {
				ASSETCATALOG_COMPILER_APPICON_NAME = AppIcon;
				CODE_SIGN_ENTITLEMENTS = ToolKitMacApp/ToolKitMacApp.entitlements;
				CODE_SIGN_IDENTITY = "Mac Developer";
				CODE_SIGN_STYLE = Automatic;
				COMBINE_HIDPI_IMAGES = YES;
				DEVELOPMENT_TEAM = P3SL8HVN4S;
				INFOPLIST_FILE = ToolKitMacApp/Info.plist;
				LD_RUNPATH_SEARCH_PATHS = "$(inherited) @executable_path/../Frameworks";
				MACOSX_DEPLOYMENT_TARGET = 10.12;
				PRODUCT_BUNDLE_IDENTIFIER = com.hk.app.ToolKitMacApp;
				PRODUCT_NAME = "$(TARGET_NAME)";
				SDKROOT = macosx;
				SWIFT_VERSION = 4.0;
			};
			name = Debug;
		};
		351CCBA82023F31E00423531 /* Release */ = {
			isa = XCBuildConfiguration;
			buildSettings = {
				ASSETCATALOG_COMPILER_APPICON_NAME = AppIcon;
				CODE_SIGN_ENTITLEMENTS = ToolKitMacApp/ToolKitMacApp.entitlements;
				CODE_SIGN_IDENTITY = "Mac Developer";
				CODE_SIGN_STYLE = Automatic;
				COMBINE_HIDPI_IMAGES = YES;
				DEVELOPMENT_TEAM = P3SL8HVN4S;
				INFOPLIST_FILE = ToolKitMacApp/Info.plist;
				LD_RUNPATH_SEARCH_PATHS = "$(inherited) @executable_path/../Frameworks";
				MACOSX_DEPLOYMENT_TARGET = 10.12;
				PRODUCT_BUNDLE_IDENTIFIER = com.hk.app.ToolKitMacApp;
				PRODUCT_NAME = "$(TARGET_NAME)";
				SDKROOT = macosx;
				SWIFT_VERSION = 4.0;
			};
			name = Release;
		};
		351CCBA92023F31E00423531 /* Debug */ = {
			isa = XCBuildConfiguration;
			buildSettings = {
				ALWAYS_EMBED_SWIFT_STANDARD_LIBRARIES = YES;
				BUNDLE_LOADER = "$(TEST_HOST)";
				CODE_SIGN_IDENTITY = "Mac Developer";
				CODE_SIGN_STYLE = Automatic;
				COMBINE_HIDPI_IMAGES = YES;
				DEVELOPMENT_TEAM = P3SL8HVN4S;
				INFOPLIST_FILE = ToolKitMacAppTests/Info.plist;
				LD_RUNPATH_SEARCH_PATHS = "$(inherited) @executable_path/../Frameworks @loader_path/../Frameworks";
				MACOSX_DEPLOYMENT_TARGET = 10.12;
				PRODUCT_BUNDLE_IDENTIFIER = com.hk.app.ToolKitMacAppTests;
				PRODUCT_NAME = "$(TARGET_NAME)";
				SDKROOT = macosx;
				SWIFT_VERSION = 4.0;
				TEST_HOST = "$(BUILT_PRODUCTS_DIR)/ToolKitMacApp.app/Contents/MacOS/ToolKitMacApp";
			};
			name = Debug;
		};
		351CCBAA2023F31E00423531 /* Release */ = {
			isa = XCBuildConfiguration;
			buildSettings = {
				ALWAYS_EMBED_SWIFT_STANDARD_LIBRARIES = YES;
				BUNDLE_LOADER = "$(TEST_HOST)";
				CODE_SIGN_IDENTITY = "Mac Developer";
				CODE_SIGN_STYLE = Automatic;
				COMBINE_HIDPI_IMAGES = YES;
				DEVELOPMENT_TEAM = P3SL8HVN4S;
				INFOPLIST_FILE = ToolKitMacAppTests/Info.plist;
				LD_RUNPATH_SEARCH_PATHS = "$(inherited) @executable_path/../Frameworks @loader_path/../Frameworks";
				MACOSX_DEPLOYMENT_TARGET = 10.12;
				PRODUCT_BUNDLE_IDENTIFIER = com.hk.app.ToolKitMacAppTests;
				PRODUCT_NAME = "$(TARGET_NAME)";
				SDKROOT = macosx;
				SWIFT_VERSION = 4.0;
				TEST_HOST = "$(BUILT_PRODUCTS_DIR)/ToolKitMacApp.app/Contents/MacOS/ToolKitMacApp";
			};
			name = Release;
		};
		35ED0045201E8D98007A941C /* Debug */ = {
			isa = XCBuildConfiguration;
			buildSettings = {
				ALWAYS_SEARCH_USER_PATHS = NO;
				CLANG_ANALYZER_NONNULL = YES;
				CLANG_ANALYZER_NUMBER_OBJECT_CONVERSION = YES_AGGRESSIVE;
				CLANG_CXX_LANGUAGE_STANDARD = "gnu++14";
				CLANG_CXX_LIBRARY = "libc++";
				CLANG_ENABLE_MODULES = YES;
				CLANG_ENABLE_OBJC_ARC = YES;
				CLANG_WARN_BLOCK_CAPTURE_AUTORELEASING = YES;
				CLANG_WARN_BOOL_CONVERSION = YES;
				CLANG_WARN_COMMA = YES;
				CLANG_WARN_CONSTANT_CONVERSION = YES;
				CLANG_WARN_DIRECT_OBJC_ISA_USAGE = YES_ERROR;
				CLANG_WARN_DOCUMENTATION_COMMENTS = YES;
				CLANG_WARN_EMPTY_BODY = YES;
				CLANG_WARN_ENUM_CONVERSION = YES;
				CLANG_WARN_INFINITE_RECURSION = YES;
				CLANG_WARN_INT_CONVERSION = YES;
				CLANG_WARN_NON_LITERAL_NULL_CONVERSION = YES;
				CLANG_WARN_OBJC_LITERAL_CONVERSION = YES;
				CLANG_WARN_OBJC_ROOT_CLASS = YES_ERROR;
				CLANG_WARN_RANGE_LOOP_ANALYSIS = YES;
				CLANG_WARN_STRICT_PROTOTYPES = YES;
				CLANG_WARN_SUSPICIOUS_MOVE = YES;
				CLANG_WARN_UNGUARDED_AVAILABILITY = YES_AGGRESSIVE;
				CLANG_WARN_UNREACHABLE_CODE = YES;
				CLANG_WARN__DUPLICATE_METHOD_MATCH = YES;
				CODE_SIGN_IDENTITY = "iPhone Developer";
				COPY_PHASE_STRIP = NO;
				DEBUG_INFORMATION_FORMAT = dwarf;
				ENABLE_STRICT_OBJC_MSGSEND = YES;
				ENABLE_TESTABILITY = YES;
				GCC_C_LANGUAGE_STANDARD = gnu11;
				GCC_DYNAMIC_NO_PIC = NO;
				GCC_NO_COMMON_BLOCKS = YES;
				GCC_OPTIMIZATION_LEVEL = 0;
				GCC_PREPROCESSOR_DEFINITIONS = (
					"DEBUG=1",
					"$(inherited)",
				);
				GCC_WARN_64_TO_32_BIT_CONVERSION = YES;
				GCC_WARN_ABOUT_RETURN_TYPE = YES_ERROR;
				GCC_WARN_UNDECLARED_SELECTOR = YES;
				GCC_WARN_UNINITIALIZED_AUTOS = YES_AGGRESSIVE;
				GCC_WARN_UNUSED_FUNCTION = YES;
				GCC_WARN_UNUSED_VARIABLE = YES;
				IPHONEOS_DEPLOYMENT_TARGET = 11.2;
				MTL_ENABLE_DEBUG_INFO = YES;
				ONLY_ACTIVE_ARCH = YES;
				SDKROOT = iphoneos;
				SWIFT_ACTIVE_COMPILATION_CONDITIONS = DEBUG;
				SWIFT_OPTIMIZATION_LEVEL = "-Onone";
			};
			name = Debug;
		};
		35ED0046201E8D98007A941C /* Release */ = {
			isa = XCBuildConfiguration;
			buildSettings = {
				ALWAYS_SEARCH_USER_PATHS = NO;
				CLANG_ANALYZER_NONNULL = YES;
				CLANG_ANALYZER_NUMBER_OBJECT_CONVERSION = YES_AGGRESSIVE;
				CLANG_CXX_LANGUAGE_STANDARD = "gnu++14";
				CLANG_CXX_LIBRARY = "libc++";
				CLANG_ENABLE_MODULES = YES;
				CLANG_ENABLE_OBJC_ARC = YES;
				CLANG_WARN_BLOCK_CAPTURE_AUTORELEASING = YES;
				CLANG_WARN_BOOL_CONVERSION = YES;
				CLANG_WARN_COMMA = YES;
				CLANG_WARN_CONSTANT_CONVERSION = YES;
				CLANG_WARN_DIRECT_OBJC_ISA_USAGE = YES_ERROR;
				CLANG_WARN_DOCUMENTATION_COMMENTS = YES;
				CLANG_WARN_EMPTY_BODY = YES;
				CLANG_WARN_ENUM_CONVERSION = YES;
				CLANG_WARN_INFINITE_RECURSION = YES;
				CLANG_WARN_INT_CONVERSION = YES;
				CLANG_WARN_NON_LITERAL_NULL_CONVERSION = YES;
				CLANG_WARN_OBJC_LITERAL_CONVERSION = YES;
				CLANG_WARN_OBJC_ROOT_CLASS = YES_ERROR;
				CLANG_WARN_RANGE_LOOP_ANALYSIS = YES;
				CLANG_WARN_STRICT_PROTOTYPES = YES;
				CLANG_WARN_SUSPICIOUS_MOVE = YES;
				CLANG_WARN_UNGUARDED_AVAILABILITY = YES_AGGRESSIVE;
				CLANG_WARN_UNREACHABLE_CODE = YES;
				CLANG_WARN__DUPLICATE_METHOD_MATCH = YES;
				CODE_SIGN_IDENTITY = "iPhone Developer";
				COPY_PHASE_STRIP = NO;
				DEBUG_INFORMATION_FORMAT = "dwarf-with-dsym";
				ENABLE_NS_ASSERTIONS = NO;
				ENABLE_STRICT_OBJC_MSGSEND = YES;
				GCC_C_LANGUAGE_STANDARD = gnu11;
				GCC_NO_COMMON_BLOCKS = YES;
				GCC_WARN_64_TO_32_BIT_CONVERSION = YES;
				GCC_WARN_ABOUT_RETURN_TYPE = YES_ERROR;
				GCC_WARN_UNDECLARED_SELECTOR = YES;
				GCC_WARN_UNINITIALIZED_AUTOS = YES_AGGRESSIVE;
				GCC_WARN_UNUSED_FUNCTION = YES;
				GCC_WARN_UNUSED_VARIABLE = YES;
				IPHONEOS_DEPLOYMENT_TARGET = 11.2;
				MTL_ENABLE_DEBUG_INFO = NO;
				SDKROOT = iphoneos;
				SWIFT_OPTIMIZATION_LEVEL = "-Owholemodule";
				VALIDATE_PRODUCT = YES;
			};
			name = Release;
		};
		35ED0048201E8D98007A941C /* Debug */ = {
			isa = XCBuildConfiguration;
			buildSettings = {
				ASSETCATALOG_COMPILER_APPICON_NAME = AppIcon;
				CODE_SIGN_STYLE = Automatic;
				DEVELOPMENT_TEAM = P3SL8HVN4S;
				INFOPLIST_FILE = TookKitDemo/Info.plist;
				LD_RUNPATH_SEARCH_PATHS = "$(inherited) @executable_path/Frameworks";
				PRODUCT_BUNDLE_IDENTIFIER = com.hk.app.TookKitDemo;
				PRODUCT_NAME = "$(TARGET_NAME)";
				SWIFT_VERSION = 4.0;
				TARGETED_DEVICE_FAMILY = "1,2";
			};
			name = Debug;
		};
		35ED0049201E8D98007A941C /* Release */ = {
			isa = XCBuildConfiguration;
			buildSettings = {
				ASSETCATALOG_COMPILER_APPICON_NAME = AppIcon;
				CODE_SIGN_STYLE = Automatic;
				DEVELOPMENT_TEAM = P3SL8HVN4S;
				INFOPLIST_FILE = TookKitDemo/Info.plist;
				LD_RUNPATH_SEARCH_PATHS = "$(inherited) @executable_path/Frameworks";
				PRODUCT_BUNDLE_IDENTIFIER = com.hk.app.TookKitDemo;
				PRODUCT_NAME = "$(TARGET_NAME)";
				SWIFT_VERSION = 4.0;
				TARGETED_DEVICE_FAMILY = "1,2";
			};
			name = Release;
		};
		35ED004B201E8D98007A941C /* Debug */ = {
			isa = XCBuildConfiguration;
			buildSettings = {
				ALWAYS_EMBED_SWIFT_STANDARD_LIBRARIES = YES;
				BUNDLE_LOADER = "$(TEST_HOST)";
				CODE_SIGN_STYLE = Automatic;
				DEVELOPMENT_TEAM = P3SL8HVN4S;
				INFOPLIST_FILE = TookKitDemoTests/Info.plist;
				LD_RUNPATH_SEARCH_PATHS = "$(inherited) @executable_path/Frameworks @loader_path/Frameworks";
				PRODUCT_BUNDLE_IDENTIFIER = com.hk.app.TookKitDemoTests;
				PRODUCT_NAME = "$(TARGET_NAME)";
				SWIFT_VERSION = 4.0;
				TARGETED_DEVICE_FAMILY = "1,2";
				TEST_HOST = "$(BUILT_PRODUCTS_DIR)/TookKitDemo.app/TookKitDemo";
			};
			name = Debug;
		};
		35ED004C201E8D98007A941C /* Release */ = {
			isa = XCBuildConfiguration;
			buildSettings = {
				ALWAYS_EMBED_SWIFT_STANDARD_LIBRARIES = YES;
				BUNDLE_LOADER = "$(TEST_HOST)";
				CODE_SIGN_STYLE = Automatic;
				DEVELOPMENT_TEAM = P3SL8HVN4S;
				INFOPLIST_FILE = TookKitDemoTests/Info.plist;
				LD_RUNPATH_SEARCH_PATHS = "$(inherited) @executable_path/Frameworks @loader_path/Frameworks";
				PRODUCT_BUNDLE_IDENTIFIER = com.hk.app.TookKitDemoTests;
				PRODUCT_NAME = "$(TARGET_NAME)";
				SWIFT_VERSION = 4.0;
				TARGETED_DEVICE_FAMILY = "1,2";
				TEST_HOST = "$(BUILT_PRODUCTS_DIR)/TookKitDemo.app/TookKitDemo";
			};
			name = Release;
		};
/* End XCBuildConfiguration section */

/* Begin XCConfigurationList section */
		351CCBAB2023F31E00423531 /* Build configuration list for PBXNativeTarget "ToolKitMacApp" */ = {
			isa = XCConfigurationList;
			buildConfigurations = (
				351CCBA72023F31E00423531 /* Debug */,
				351CCBA82023F31E00423531 /* Release */,
			);
			defaultConfigurationIsVisible = 0;
			defaultConfigurationName = Release;
		};
		351CCBAC2023F31E00423531 /* Build configuration list for PBXNativeTarget "ToolKitMacAppTests" */ = {
			isa = XCConfigurationList;
			buildConfigurations = (
				351CCBA92023F31E00423531 /* Debug */,
				351CCBAA2023F31E00423531 /* Release */,
			);
			defaultConfigurationIsVisible = 0;
			defaultConfigurationName = Release;
		};
		35ED0025201E8D98007A941C /* Build configuration list for PBXProject "TookKitDemo" */ = {
			isa = XCConfigurationList;
			buildConfigurations = (
				35ED0045201E8D98007A941C /* Debug */,
				35ED0046201E8D98007A941C /* Release */,
			);
			defaultConfigurationIsVisible = 0;
			defaultConfigurationName = Release;
		};
		35ED0047201E8D98007A941C /* Build configuration list for PBXNativeTarget "TookKitDemo" */ = {
			isa = XCConfigurationList;
			buildConfigurations = (
				35ED0048201E8D98007A941C /* Debug */,
				35ED0049201E8D98007A941C /* Release */,
			);
			defaultConfigurationIsVisible = 0;
			defaultConfigurationName = Release;
		};
		35ED004A201E8D98007A941C /* Build configuration list for PBXNativeTarget "TookKitDemoTests" */ = {
			isa = XCConfigurationList;
			buildConfigurations = (
				35ED004B201E8D98007A941C /* Debug */,
				35ED004C201E8D98007A941C /* Release */,
			);
			defaultConfigurationIsVisible = 0;
			defaultConfigurationName = Release;
		};
/* End XCConfigurationList section */
	};
	rootObject = 35ED0022201E8D98007A941C /* Project object */;
}
