// !$*UTF8*$!
{
	archiveVersion = 1;
	classes = {
	};
	objectVersion = 48;
	objects = {

/* Begin PBXBuildFile section */
		35ED0085201E8E1C007A941C /* ToolKitUI.framework in Frameworks */ = {isa = PBXBuildFile; fileRef = 35ED007B201E8E1C007A941C /* ToolKitUI.framework */; };
		35ED008A201E8E1C007A941C /* ToolKitUITests.swift in Sources */ = {isa = PBXBuildFile; fileRef = 35ED0089201E8E1C007A941C /* ToolKitUITests.swift */; };
		35ED008C201E8E1C007A941C /* ToolKitUI.h in Headers */ = {isa = PBXBuildFile; fileRef = 35ED007E201E8E1C007A941C /* ToolKitUI.h */; settings = {ATTRIBUTES = (Public, ); }; };
		35ED009F201E8E56007A941C /* ToolKit.framework in Frameworks */ = {isa = PBXBuildFile; fileRef = 35ED009C201E8E46007A941C /* ToolKit.framework */; };
		35ED00B2201E9023007A941C /* ToolKitViewController.swift in Sources */ = {isa = PBXBuildFile; fileRef = 35ED00B1201E9023007A941C /* ToolKitViewController.swift */; };
		35ED00B6201E9060007A941C /* DashBoardViewController.swift in Sources */ = {isa = PBXBuildFile; fileRef = 35ED00B5201E9060007A941C /* DashBoardViewController.swift */; };
		35ED00B8201E9083007A941C /* LoggingViewController.swift in Sources */ = {isa = PBXBuildFile; fileRef = 35ED00B7201E9083007A941C /* LoggingViewController.swift */; };
		35ED00BA201E909C007A941C /* ServiceViewController.swift in Sources */ = {isa = PBXBuildFile; fileRef = 35ED00B9201E909C007A941C /* ServiceViewController.swift */; };
		35ED00BC201E90B0007A941C /* UserDefaultViewController.swift in Sources */ = {isa = PBXBuildFile; fileRef = 35ED00BB201E90B0007A941C /* UserDefaultViewController.swift */; };
		35ED00BE201E90D1007A941C /* NotificationCenterViewController.swift in Sources */ = {isa = PBXBuildFile; fileRef = 35ED00BD201E90D1007A941C /* NotificationCenterViewController.swift */; };
		35ED00C0201E9112007A941C /* ToolKitWindow.swift in Sources */ = {isa = PBXBuildFile; fileRef = 35ED00BF201E9112007A941C /* ToolKitWindow.swift */; };
		35ED02912020141C007A941C /* FilesViewController.swift in Sources */ = {isa = PBXBuildFile; fileRef = 35ED02902020141C007A941C /* FilesViewController.swift */; };
		35ED029420201457007A941C /* Files.xcassets in Resources */ = {isa = PBXBuildFile; fileRef = 35ED029320201457007A941C /* Files.xcassets */; };
		35ED029520201516007A941C /* FilesScreen.storyboard in Resources */ = {isa = PBXBuildFile; fileRef = 35ED029220201428007A941C /* FilesScreen.storyboard */; };
		35ED029720201BA8007A941C /* TextViewController.swift in Sources */ = {isa = PBXBuildFile; fileRef = 35ED029620201BA8007A941C /* TextViewController.swift */; };
		35ED029920201BBE007A941C /* ImageViewController.swift in Sources */ = {isa = PBXBuildFile; fileRef = 35ED029820201BBE007A941C /* ImageViewController.swift */; };
		35ED029B20201BD3007A941C /* AudioViewController.swift in Sources */ = {isa = PBXBuildFile; fileRef = 35ED029A20201BD3007A941C /* AudioViewController.swift */; };
		35ED029D20201BE2007A941C /* VideoViewController.swift in Sources */ = {isa = PBXBuildFile; fileRef = 35ED029C20201BE2007A941C /* VideoViewController.swift */; };
		35ED029F20201CE6007A941C /* SummaryViewController.swift in Sources */ = {isa = PBXBuildFile; fileRef = 35ED029E20201CE6007A941C /* SummaryViewController.swift */; };
		35ED02A120201E16007A941C /* FileActionViewController.swift in Sources */ = {isa = PBXBuildFile; fileRef = 35ED02A020201E16007A941C /* FileActionViewController.swift */; };
/* End PBXBuildFile section */

/* Begin PBXContainerItemProxy section */
		35ED0086201E8E1C007A941C /* PBXContainerItemProxy */ = {
			isa = PBXContainerItemProxy;
			containerPortal = 35ED0072201E8E1C007A941C /* Project object */;
			proxyType = 1;
			remoteGlobalIDString = 35ED007A201E8E1C007A941C;
			remoteInfo = ToolKitUI;
		};
		35ED009B201E8E46007A941C /* PBXContainerItemProxy */ = {
			isa = PBXContainerItemProxy;
			containerPortal = 35ED0096201E8E46007A941C /* ToolKit.xcodeproj */;
			proxyType = 2;
			remoteGlobalIDString = 35ED0057201E8DD6007A941C;
			remoteInfo = ToolKit;
		};
		35ED009D201E8E46007A941C /* PBXContainerItemProxy */ = {
			isa = PBXContainerItemProxy;
			containerPortal = 35ED0096201E8E46007A941C /* ToolKit.xcodeproj */;
			proxyType = 2;
			remoteGlobalIDString = 35ED0060201E8DD6007A941C;
			remoteInfo = ToolKitTests;
		};
/* End PBXContainerItemProxy section */

/* Begin PBXFileReference section */
		35ED007B201E8E1C007A941C /* ToolKitUI.framework */ = {isa = PBXFileReference; explicitFileType = wrapper.framework; includeInIndex = 0; path = ToolKitUI.framework; sourceTree = BUILT_PRODUCTS_DIR; };
		35ED007E201E8E1C007A941C /* ToolKitUI.h */ = {isa = PBXFileReference; lastKnownFileType = sourcecode.c.h; path = ToolKitUI.h; sourceTree = "<group>"; };
		35ED007F201E8E1C007A941C /* Info.plist */ = {isa = PBXFileReference; lastKnownFileType = text.plist.xml; path = Info.plist; sourceTree = "<group>"; };
		35ED0084201E8E1C007A941C /* ToolKitUITests.xctest */ = {isa = PBXFileReference; explicitFileType = wrapper.cfbundle; includeInIndex = 0; path = ToolKitUITests.xctest; sourceTree = BUILT_PRODUCTS_DIR; };
		35ED0089201E8E1C007A941C /* ToolKitUITests.swift */ = {isa = PBXFileReference; lastKnownFileType = sourcecode.swift; path = ToolKitUITests.swift; sourceTree = "<group>"; };
		35ED008B201E8E1C007A941C /* Info.plist */ = {isa = PBXFileReference; lastKnownFileType = text.plist.xml; path = Info.plist; sourceTree = "<group>"; };
		35ED0096201E8E46007A941C /* ToolKit.xcodeproj */ = {isa = PBXFileReference; lastKnownFileType = "wrapper.pb-project"; name = ToolKit.xcodeproj; path = ../ToolKit/ToolKit.xcodeproj; sourceTree = "<group>"; };
		35ED00B1201E9023007A941C /* ToolKitViewController.swift */ = {isa = PBXFileReference; lastKnownFileType = sourcecode.swift; path = ToolKitViewController.swift; sourceTree = "<group>"; };
		35ED00B5201E9060007A941C /* DashBoardViewController.swift */ = {isa = PBXFileReference; lastKnownFileType = sourcecode.swift; path = DashBoardViewController.swift; sourceTree = "<group>"; };
		35ED00B7201E9083007A941C /* LoggingViewController.swift */ = {isa = PBXFileReference; lastKnownFileType = sourcecode.swift; path = LoggingViewController.swift; sourceTree = "<group>"; };
		35ED00B9201E909C007A941C /* ServiceViewController.swift */ = {isa = PBXFileReference; lastKnownFileType = sourcecode.swift; path = ServiceViewController.swift; sourceTree = "<group>"; };
		35ED00BB201E90B0007A941C /* UserDefaultViewController.swift */ = {isa = PBXFileReference; lastKnownFileType = sourcecode.swift; path = UserDefaultViewController.swift; sourceTree = "<group>"; };
		35ED00BD201E90D1007A941C /* NotificationCenterViewController.swift */ = {isa = PBXFileReference; lastKnownFileType = sourcecode.swift; path = NotificationCenterViewController.swift; sourceTree = "<group>"; };
		35ED00BF201E9112007A941C /* ToolKitWindow.swift */ = {isa = PBXFileReference; lastKnownFileType = sourcecode.swift; path = ToolKitWindow.swift; sourceTree = "<group>"; };
		35ED02902020141C007A941C /* FilesViewController.swift */ = {isa = PBXFileReference; lastKnownFileType = sourcecode.swift; path = FilesViewController.swift; sourceTree = "<group>"; };
		35ED029220201428007A941C /* FilesScreen.storyboard */ = {isa = PBXFileReference; lastKnownFileType = file.storyboard; path = FilesScreen.storyboard; sourceTree = "<group>"; };
		35ED029320201457007A941C /* Files.xcassets */ = {isa = PBXFileReference; lastKnownFileType = folder.assetcatalog; path = Files.xcassets; sourceTree = "<group>"; };
		35ED029620201BA8007A941C /* TextViewController.swift */ = {isa = PBXFileReference; lastKnownFileType = sourcecode.swift; path = TextViewController.swift; sourceTree = "<group>"; };
		35ED029820201BBE007A941C /* ImageViewController.swift */ = {isa = PBXFileReference; lastKnownFileType = sourcecode.swift; path = ImageViewController.swift; sourceTree = "<group>"; };
		35ED029A20201BD3007A941C /* AudioViewController.swift */ = {isa = PBXFileReference; lastKnownFileType = sourcecode.swift; path = AudioViewController.swift; sourceTree = "<group>"; };
		35ED029C20201BE2007A941C /* VideoViewController.swift */ = {isa = PBXFileReference; lastKnownFileType = sourcecode.swift; path = VideoViewController.swift; sourceTree = "<group>"; };
		35ED029E20201CE6007A941C /* SummaryViewController.swift */ = {isa = PBXFileReference; lastKnownFileType = sourcecode.swift; path = SummaryViewController.swift; sourceTree = "<group>"; };
		35ED02A020201E16007A941C /* FileActionViewController.swift */ = {isa = PBXFileReference; lastKnownFileType = sourcecode.swift; path = FileActionViewController.swift; sourceTree = "<group>"; };
/* End PBXFileReference section */

/* Begin PBXFrameworksBuildPhase section */
		35ED0077201E8E1C007A941C /* Frameworks */ = {
			isa = PBXFrameworksBuildPhase;
			buildActionMask = 2147483647;
			files = (
				35ED009F201E8E56007A941C /* ToolKit.framework in Frameworks */,
			);
			runOnlyForDeploymentPostprocessing = 0;
		};
		35ED0081201E8E1C007A941C /* Frameworks */ = {
			isa = PBXFrameworksBuildPhase;
			buildActionMask = 2147483647;
			files = (
				35ED0085201E8E1C007A941C /* ToolKitUI.framework in Frameworks */,
			);
			runOnlyForDeploymentPostprocessing = 0;
		};
/* End PBXFrameworksBuildPhase section */

/* Begin PBXGroup section */
		35ED0071201E8E1C007A941C = {
			isa = PBXGroup;
			children = (
				35ED00A8201E8E84007A941C /* Linked Libraries */,
				35ED007D201E8E1C007A941C /* ToolKitUI */,
				35ED0088201E8E1C007A941C /* ToolKitUITests */,
				35ED0095201E8E31007A941C /* Frameworks */,
				35ED007C201E8E1C007A941C /* Products */,
			);
			sourceTree = "<group>";
		};
		35ED007C201E8E1C007A941C /* Products */ = {
			isa = PBXGroup;
			children = (
				35ED007B201E8E1C007A941C /* ToolKitUI.framework */,
				35ED0084201E8E1C007A941C /* ToolKitUITests.xctest */,
			);
			name = Products;
			sourceTree = "<group>";
		};
		35ED007D201E8E1C007A941C /* ToolKitUI */ = {
			isa = PBXGroup;
			children = (
				35ED00B0201E8FE2007A941C /* Classes */,
				35ED007E201E8E1C007A941C /* ToolKitUI.h */,
				35ED007F201E8E1C007A941C /* Info.plist */,
			);
			path = ToolKitUI;
			sourceTree = "<group>";
		};
		35ED0088201E8E1C007A941C /* ToolKitUITests */ = {
			isa = PBXGroup;
			children = (
				35ED0089201E8E1C007A941C /* ToolKitUITests.swift */,
				35ED008B201E8E1C007A941C /* Info.plist */,
			);
			path = ToolKitUITests;
			sourceTree = "<group>";
		};
		35ED0095201E8E31007A941C /* Frameworks */ = {
			isa = PBXGroup;
			children = (
			);
			name = Frameworks;
			sourceTree = "<group>";
		};
		35ED0097201E8E46007A941C /* Products */ = {
			isa = PBXGroup;
			children = (
				35ED009C201E8E46007A941C /* ToolKit.framework */,
				35ED009E201E8E46007A941C /* ToolKitTests.xctest */,
			);
			name = Products;
			sourceTree = "<group>";
		};
		35ED00A8201E8E84007A941C /* Linked Libraries */ = {
			isa = PBXGroup;
			children = (
				35ED0096201E8E46007A941C /* ToolKit.xcodeproj */,
			);
			name = "Linked Libraries";
			sourceTree = "<group>";
		};
		35ED00B0201E8FE2007A941C /* Classes */ = {
			isa = PBXGroup;
			children = (
				35ED00B1201E9023007A941C /* ToolKitViewController.swift */,
				35ED00BF201E9112007A941C /* ToolKitWindow.swift */,
				35ED00B4201E903D007A941C /* Screens */,
			);
			path = Classes;
			sourceTree = "<group>";
		};
		35ED00B4201E903D007A941C /* Screens */ = {
			isa = PBXGroup;
			children = (
				35ED028D202013F2007A941C /* Files */,
				35ED00B5201E9060007A941C /* DashBoardViewController.swift */,
				35ED00B7201E9083007A941C /* LoggingViewController.swift */,
				35ED00B9201E909C007A941C /* ServiceViewController.swift */,
				35ED00BB201E90B0007A941C /* UserDefaultViewController.swift */,
				35ED00BD201E90D1007A941C /* NotificationCenterViewController.swift */,
			);
			path = Screens;
			sourceTree = "<group>";
		};
		35ED028D202013F2007A941C /* Files */ = {
			isa = PBXGroup;
			children = (
				35ED029320201457007A941C /* Files.xcassets */,
				35ED029220201428007A941C /* FilesScreen.storyboard */,
				35ED02902020141C007A941C /* FilesViewController.swift */,
				35ED029620201BA8007A941C /* TextViewController.swift */,
				35ED029820201BBE007A941C /* ImageViewController.swift */,
				35ED029A20201BD3007A941C /* AudioViewController.swift */,
				35ED029C20201BE2007A941C /* VideoViewController.swift */,
				35ED029E20201CE6007A941C /* SummaryViewController.swift */,
				35ED02A020201E16007A941C /* FileActionViewController.swift */,
			);
			path = Files;
			sourceTree = "<group>";
		};
/* End PBXGroup section */

/* Begin PBXHeadersBuildPhase section */
		35ED0078201E8E1C007A941C /* Headers */ = {
			isa = PBXHeadersBuildPhase;
			buildActionMask = 2147483647;
			files = (
				35ED008C201E8E1C007A941C /* ToolKitUI.h in Headers */,
			);
			runOnlyForDeploymentPostprocessing = 0;
		};
/* End PBXHeadersBuildPhase section */

/* Begin PBXNativeTarget section */
		35ED007A201E8E1C007A941C /* ToolKitUI */ = {
			isa = PBXNativeTarget;
			buildConfigurationList = 35ED008F201E8E1C007A941C /* Build configuration list for PBXNativeTarget "ToolKitUI" */;
			buildPhases = (
				35ED0076201E8E1C007A941C /* Sources */,
				35ED0077201E8E1C007A941C /* Frameworks */,
				35ED0078201E8E1C007A941C /* Headers */,
				35ED0079201E8E1C007A941C /* Resources */,
			);
			buildRules = (
			);
			dependencies = (
			);
			name = ToolKitUI;
			productName = ToolKitUI;
			productReference = 35ED007B201E8E1C007A941C /* ToolKitUI.framework */;
			productType = "com.apple.product-type.framework";
		};
		35ED0083201E8E1C007A941C /* ToolKitUITests */ = {
			isa = PBXNativeTarget;
			buildConfigurationList = 35ED0092201E8E1C007A941C /* Build configuration list for PBXNativeTarget "ToolKitUITests" */;
			buildPhases = (
				35ED0080201E8E1C007A941C /* Sources */,
				35ED0081201E8E1C007A941C /* Frameworks */,
				35ED0082201E8E1C007A941C /* Resources */,
			);
			buildRules = (
			);
			dependencies = (
				35ED0087201E8E1C007A941C /* PBXTargetDependency */,
			);
			name = ToolKitUITests;
			productName = ToolKitUITests;
			productReference = 35ED0084201E8E1C007A941C /* ToolKitUITests.xctest */;
			productType = "com.apple.product-type.bundle.unit-test";
		};
/* End PBXNativeTarget section */

/* Begin PBXProject section */
		35ED0072201E8E1C007A941C /* Project object */ = {
			isa = PBXProject;
			attributes = {
				LastSwiftUpdateCheck = 0920;
				LastUpgradeCheck = 0920;
				ORGANIZATIONNAME = "haikieu2907@icloud.com";
				TargetAttributes = {
					35ED007A201E8E1C007A941C = {
						CreatedOnToolsVersion = 9.2;
						LastSwiftMigration = 0920;
						ProvisioningStyle = Automatic;
					};
					35ED0083201E8E1C007A941C = {
						CreatedOnToolsVersion = 9.2;
						ProvisioningStyle = Automatic;
					};
				};
			};
			buildConfigurationList = 35ED0075201E8E1C007A941C /* Build configuration list for PBXProject "ToolKitUI" */;
			compatibilityVersion = "Xcode 8.0";
			developmentRegion = en;
			hasScannedForEncodings = 0;
			knownRegions = (
				en,
			);
			mainGroup = 35ED0071201E8E1C007A941C;
			productRefGroup = 35ED007C201E8E1C007A941C /* Products */;
			projectDirPath = "";
			projectReferences = (
				{
					ProductGroup = 35ED0097201E8E46007A941C /* Products */;
					ProjectRef = 35ED0096201E8E46007A941C /* ToolKit.xcodeproj */;
				},
			);
			projectRoot = "";
			targets = (
				35ED007A201E8E1C007A941C /* ToolKitUI */,
				35ED0083201E8E1C007A941C /* ToolKitUITests */,
			);
		};
/* End PBXProject section */

/* Begin PBXReferenceProxy section */
		35ED009C201E8E46007A941C /* ToolKit.framework */ = {
			isa = PBXReferenceProxy;
			fileType = wrapper.framework;
			path = ToolKit.framework;
			remoteRef = 35ED009B201E8E46007A941C /* PBXContainerItemProxy */;
			sourceTree = BUILT_PRODUCTS_DIR;
		};
		35ED009E201E8E46007A941C /* ToolKitTests.xctest */ = {
			isa = PBXReferenceProxy;
			fileType = wrapper.cfbundle;
			path = ToolKitTests.xctest;
			remoteRef = 35ED009D201E8E46007A941C /* PBXContainerItemProxy */;
			sourceTree = BUILT_PRODUCTS_DIR;
		};
/* End PBXReferenceProxy section */

/* Begin PBXResourcesBuildPhase section */
		35ED0079201E8E1C007A941C /* Resources */ = {
			isa = PBXResourcesBuildPhase;
			buildActionMask = 2147483647;
			files = (
				35ED029420201457007A941C /* Files.xcassets in Resources */,
				35ED029520201516007A941C /* FilesScreen.storyboard in Resources */,
			);
			runOnlyForDeploymentPostprocessing = 0;
		};
		35ED0082201E8E1C007A941C /* Resources */ = {
			isa = PBXResourcesBuildPhase;
			buildActionMask = 2147483647;
			files = (
			);
			runOnlyForDeploymentPostprocessing = 0;
		};
/* End PBXResourcesBuildPhase section */

/* Begin PBXSourcesBuildPhase section */
		35ED0076201E8E1C007A941C /* Sources */ = {
			isa = PBXSourcesBuildPhase;
			buildActionMask = 2147483647;
			files = (
				35ED00B8201E9083007A941C /* LoggingViewController.swift in Sources */,
				35ED00B2201E9023007A941C /* ToolKitViewController.swift in Sources */,
				35ED02A120201E16007A941C /* FileActionViewController.swift in Sources */,
				35ED029D20201BE2007A941C /* VideoViewController.swift in Sources */,
				35ED029920201BBE007A941C /* ImageViewController.swift in Sources */,
				35ED00BA201E909C007A941C /* ServiceViewController.swift in Sources */,
				35ED00BE201E90D1007A941C /* NotificationCenterViewController.swift in Sources */,
				35ED029F20201CE6007A941C /* SummaryViewController.swift in Sources */,
				35ED00C0201E9112007A941C /* ToolKitWindow.swift in Sources */,
				35ED029720201BA8007A941C /* TextViewController.swift in Sources */,
				35ED00B6201E9060007A941C /* DashBoardViewController.swift in Sources */,
				35ED029B20201BD3007A941C /* AudioViewController.swift in Sources */,
				35ED02912020141C007A941C /* FilesViewController.swift in Sources */,
				35ED00BC201E90B0007A941C /* UserDefaultViewController.swift in Sources */,
			);
			runOnlyForDeploymentPostprocessing = 0;
		};
		35ED0080201E8E1C007A941C /* Sources */ = {
			isa = PBXSourcesBuildPhase;
			buildActionMask = 2147483647;
			files = (
				35ED008A201E8E1C007A941C /* ToolKitUITests.swift in Sources */,
			);
			runOnlyForDeploymentPostprocessing = 0;
		};
/* End PBXSourcesBuildPhase section */

/* Begin PBXTargetDependency section */
		35ED0087201E8E1C007A941C /* PBXTargetDependency */ = {
			isa = PBXTargetDependency;
			target = 35ED007A201E8E1C007A941C /* ToolKitUI */;
			targetProxy = 35ED0086201E8E1C007A941C /* PBXContainerItemProxy */;
		};
/* End PBXTargetDependency section */

/* Begin XCBuildConfiguration section */
		35ED008D201E8E1C007A941C /* Debug */ = {
			isa = XCBuildConfiguration;
			buildSettings = {
				ALWAYS_SEARCH_USER_PATHS = NO;
				CLANG_ANALYZER_NONNULL = YES;
				CLANG_ANALYZER_NUMBER_OBJECT_CONVERSION = YES_AGGRESSIVE;
				CLANG_CXX_LANGUAGE_STANDARD = "gnu++14";
				CLANG_CXX_LIBRARY = "libc++";
				CLANG_ENABLE_MODULES = YES;
				CLANG_ENABLE_OBJC_ARC = YES;
				CLANG_WARN_BLOCK_CAPTURE_AUTORELEASING = YES;
				CLANG_WARN_BOOL_CONVERSION = YES;
				CLANG_WARN_COMMA = YES;
				CLANG_WARN_CONSTANT_CONVERSION = YES;
				CLANG_WARN_DIRECT_OBJC_ISA_USAGE = YES_ERROR;
				CLANG_WARN_DOCUMENTATION_COMMENTS = YES;
				CLANG_WARN_EMPTY_BODY = YES;
				CLANG_WARN_ENUM_CONVERSION = YES;
				CLANG_WARN_INFINITE_RECURSION = YES;
				CLANG_WARN_INT_CONVERSION = YES;
				CLANG_WARN_NON_LITERAL_NULL_CONVERSION = YES;
				CLANG_WARN_OBJC_LITERAL_CONVERSION = YES;
				CLANG_WARN_OBJC_ROOT_CLASS = YES_ERROR;
				CLANG_WARN_RANGE_LOOP_ANALYSIS = YES;
				CLANG_WARN_STRICT_PROTOTYPES = YES;
				CLANG_WARN_SUSPICIOUS_MOVE = YES;
				CLANG_WARN_UNGUARDED_AVAILABILITY = YES_AGGRESSIVE;
				CLANG_WARN_UNREACHABLE_CODE = YES;
				CLANG_WARN__DUPLICATE_METHOD_MATCH = YES;
				CODE_SIGN_IDENTITY = "iPhone Developer";
				COPY_PHASE_STRIP = NO;
				CURRENT_PROJECT_VERSION = 1;
				DEBUG_INFORMATION_FORMAT = dwarf;
				ENABLE_STRICT_OBJC_MSGSEND = YES;
				ENABLE_TESTABILITY = YES;
				GCC_C_LANGUAGE_STANDARD = gnu11;
				GCC_DYNAMIC_NO_PIC = NO;
				GCC_NO_COMMON_BLOCKS = YES;
				GCC_OPTIMIZATION_LEVEL = 0;
				GCC_PREPROCESSOR_DEFINITIONS = (
					"DEBUG=1",
					"$(inherited)",
				);
				GCC_WARN_64_TO_32_BIT_CONVERSION = YES;
				GCC_WARN_ABOUT_RETURN_TYPE = YES_ERROR;
				GCC_WARN_UNDECLARED_SELECTOR = YES;
				GCC_WARN_UNINITIALIZED_AUTOS = YES_AGGRESSIVE;
				GCC_WARN_UNUSED_FUNCTION = YES;
				GCC_WARN_UNUSED_VARIABLE = YES;
				IPHONEOS_DEPLOYMENT_TARGET = 11.2;
				MTL_ENABLE_DEBUG_INFO = YES;
				ONLY_ACTIVE_ARCH = YES;
				SDKROOT = iphoneos;
				SWIFT_ACTIVE_COMPILATION_CONDITIONS = DEBUG;
				SWIFT_OPTIMIZATION_LEVEL = "-Onone";
				VERSIONING_SYSTEM = "apple-generic";
				VERSION_INFO_PREFIX = "";
			};
			name = Debug;
		};
		35ED008E201E8E1C007A941C /* Release */ = {
			isa = XCBuildConfiguration;
			buildSettings = {
				ALWAYS_SEARCH_USER_PATHS = NO;
				CLANG_ANALYZER_NONNULL = YES;
				CLANG_ANALYZER_NUMBER_OBJECT_CONVERSION = YES_AGGRESSIVE;
				CLANG_CXX_LANGUAGE_STANDARD = "gnu++14";
				CLANG_CXX_LIBRARY = "libc++";
				CLANG_ENABLE_MODULES = YES;
				CLANG_ENABLE_OBJC_ARC = YES;
				CLANG_WARN_BLOCK_CAPTURE_AUTORELEASING = YES;
				CLANG_WARN_BOOL_CONVERSION = YES;
				CLANG_WARN_COMMA = YES;
				CLANG_WARN_CONSTANT_CONVERSION = YES;
				CLANG_WARN_DIRECT_OBJC_ISA_USAGE = YES_ERROR;
				CLANG_WARN_DOCUMENTATION_COMMENTS = YES;
				CLANG_WARN_EMPTY_BODY = YES;
				CLANG_WARN_ENUM_CONVERSION = YES;
				CLANG_WARN_INFINITE_RECURSION = YES;
				CLANG_WARN_INT_CONVERSION = YES;
				CLANG_WARN_NON_LITERAL_NULL_CONVERSION = YES;
				CLANG_WARN_OBJC_LITERAL_CONVERSION = YES;
				CLANG_WARN_OBJC_ROOT_CLASS = YES_ERROR;
				CLANG_WARN_RANGE_LOOP_ANALYSIS = YES;
				CLANG_WARN_STRICT_PROTOTYPES = YES;
				CLANG_WARN_SUSPICIOUS_MOVE = YES;
				CLANG_WARN_UNGUARDED_AVAILABILITY = YES_AGGRESSIVE;
				CLANG_WARN_UNREACHABLE_CODE = YES;
				CLANG_WARN__DUPLICATE_METHOD_MATCH = YES;
				CODE_SIGN_IDENTITY = "iPhone Developer";
				COPY_PHASE_STRIP = NO;
				CURRENT_PROJECT_VERSION = 1;
				DEBUG_INFORMATION_FORMAT = "dwarf-with-dsym";
				ENABLE_NS_ASSERTIONS = NO;
				ENABLE_STRICT_OBJC_MSGSEND = YES;
				GCC_C_LANGUAGE_STANDARD = gnu11;
				GCC_NO_COMMON_BLOCKS = YES;
				GCC_WARN_64_TO_32_BIT_CONVERSION = YES;
				GCC_WARN_ABOUT_RETURN_TYPE = YES_ERROR;
				GCC_WARN_UNDECLARED_SELECTOR = YES;
				GCC_WARN_UNINITIALIZED_AUTOS = YES_AGGRESSIVE;
				GCC_WARN_UNUSED_FUNCTION = YES;
				GCC_WARN_UNUSED_VARIABLE = YES;
				IPHONEOS_DEPLOYMENT_TARGET = 11.2;
				MTL_ENABLE_DEBUG_INFO = NO;
				SDKROOT = iphoneos;
				SWIFT_OPTIMIZATION_LEVEL = "-Owholemodule";
				VALIDATE_PRODUCT = YES;
				VERSIONING_SYSTEM = "apple-generic";
				VERSION_INFO_PREFIX = "";
			};
			name = Release;
		};
		35ED0090201E8E1C007A941C /* Debug */ = {
			isa = XCBuildConfiguration;
			buildSettings = {
				CLANG_ENABLE_MODULES = YES;
				CODE_SIGN_IDENTITY = "";
				CODE_SIGN_STYLE = Automatic;
				DEFINES_MODULE = YES;
				DEVELOPMENT_TEAM = P3SL8HVN4S;
				DYLIB_COMPATIBILITY_VERSION = 1;
				DYLIB_CURRENT_VERSION = 1;
				DYLIB_INSTALL_NAME_BASE = "@rpath";
				INFOPLIST_FILE = ToolKitUI/Info.plist;
				INSTALL_PATH = "$(LOCAL_LIBRARY_DIR)/Frameworks";
				IPHONEOS_DEPLOYMENT_TARGET = 9.0;
				LD_RUNPATH_SEARCH_PATHS = "$(inherited) @executable_path/Frameworks @loader_path/Frameworks";
				PRODUCT_BUNDLE_IDENTIFIER = com.hk.lib.ToolKitUI;
				PRODUCT_NAME = "$(TARGET_NAME:c99extidentifier)";
				SKIP_INSTALL = YES;
				SWIFT_OPTIMIZATION_LEVEL = "-Onone";
				SWIFT_VERSION = 4.0;
				TARGETED_DEVICE_FAMILY = "1,2";
			};
			name = Debug;
		};
		35ED0091201E8E1C007A941C /* Release */ = {
			isa = XCBuildConfiguration;
			buildSettings = {
				CLANG_ENABLE_MODULES = YES;
				CODE_SIGN_IDENTITY = "";
				CODE_SIGN_STYLE = Automatic;
				DEFINES_MODULE = YES;
				DEVELOPMENT_TEAM = P3SL8HVN4S;
				DYLIB_COMPATIBILITY_VERSION = 1;
				DYLIB_CURRENT_VERSION = 1;
				DYLIB_INSTALL_NAME_BASE = "@rpath";
				INFOPLIST_FILE = ToolKitUI/Info.plist;
				INSTALL_PATH = "$(LOCAL_LIBRARY_DIR)/Frameworks";
				IPHONEOS_DEPLOYMENT_TARGET = 9.0;
				LD_RUNPATH_SEARCH_PATHS = "$(inherited) @executable_path/Frameworks @loader_path/Frameworks";
				PRODUCT_BUNDLE_IDENTIFIER = com.hk.lib.ToolKitUI;
				PRODUCT_NAME = "$(TARGET_NAME:c99extidentifier)";
				SKIP_INSTALL = YES;
				SWIFT_VERSION = 4.0;
				TARGETED_DEVICE_FAMILY = "1,2";
			};
			name = Release;
		};
		35ED0093201E8E1C007A941C /* Debug */ = {
			isa = XCBuildConfiguration;
			buildSettings = {
				ALWAYS_EMBED_SWIFT_STANDARD_LIBRARIES = YES;
				CODE_SIGN_STYLE = Automatic;
				DEVELOPMENT_TEAM = P3SL8HVN4S;
				INFOPLIST_FILE = ToolKitUITests/Info.plist;
				LD_RUNPATH_SEARCH_PATHS = "$(inherited) @executable_path/Frameworks @loader_path/Frameworks";
				PRODUCT_BUNDLE_IDENTIFIER = com.hk.lib.ToolKitUITests;
				PRODUCT_NAME = "$(TARGET_NAME)";
				SWIFT_VERSION = 4.0;
				TARGETED_DEVICE_FAMILY = "1,2";
			};
			name = Debug;
		};
		35ED0094201E8E1C007A941C /* Release */ = {
			isa = XCBuildConfiguration;
			buildSettings = {
				ALWAYS_EMBED_SWIFT_STANDARD_LIBRARIES = YES;
				CODE_SIGN_STYLE = Automatic;
				DEVELOPMENT_TEAM = P3SL8HVN4S;
				INFOPLIST_FILE = ToolKitUITests/Info.plist;
				LD_RUNPATH_SEARCH_PATHS = "$(inherited) @executable_path/Frameworks @loader_path/Frameworks";
				PRODUCT_BUNDLE_IDENTIFIER = com.hk.lib.ToolKitUITests;
				PRODUCT_NAME = "$(TARGET_NAME)";
				SWIFT_VERSION = 4.0;
				TARGETED_DEVICE_FAMILY = "1,2";
			};
			name = Release;
		};
/* End XCBuildConfiguration section */

/* Begin XCConfigurationList section */
		35ED0075201E8E1C007A941C /* Build configuration list for PBXProject "ToolKitUI" */ = {
			isa = XCConfigurationList;
			buildConfigurations = (
				35ED008D201E8E1C007A941C /* Debug */,
				35ED008E201E8E1C007A941C /* Release */,
			);
			defaultConfigurationIsVisible = 0;
			defaultConfigurationName = Release;
		};
		35ED008F201E8E1C007A941C /* Build configuration list for PBXNativeTarget "ToolKitUI" */ = {
			isa = XCConfigurationList;
			buildConfigurations = (
				35ED0090201E8E1C007A941C /* Debug */,
				35ED0091201E8E1C007A941C /* Release */,
			);
			defaultConfigurationIsVisible = 0;
			defaultConfigurationName = Release;
		};
		35ED0092201E8E1C007A941C /* Build configuration list for PBXNativeTarget "ToolKitUITests" */ = {
			isa = XCConfigurationList;
			buildConfigurations = (
				35ED0093201E8E1C007A941C /* Debug */,
				35ED0094201E8E1C007A941C /* Release */,
			);
			defaultConfigurationIsVisible = 0;
			defaultConfigurationName = Release;
		};
/* End XCConfigurationList section */
	};
	rootObject = 35ED0072201E8E1C007A941C /* Project object */;
}
